
Microsoft Visual Studio Solution File, Format Version 10.00
# Visual Studio 2008
Project("{8BC9CEB8-8B4A-11D0-8D11-00A0C91BC942}") = "ServerSocket", "ServerSocket\ServerSocket.vcproj", "{8D24EA28-9EFD-48FB-976D-2DE3258CC294}"
EndProject
Project("{2150E333-8FDC-42A3-9474-1A3956D46DE8}") = "Network Test Tools", "Network Test Tools", "{237332D2-4DE8-4654-BDD5-AB9B94726E90}"
EndProject
Project("{8BC9CEB8-8B4A-11D0-8D11-00A0C91BC942}") = "NetworkArbiter", "NetworkArbiterA\NetworkArbiter.vcproj", "{D75C8A7C-58F4-4CE1-BE58-9D3F6469CE7A}"
EndProject
Global
	GlobalSection(SubversionScc) = preSolution
		Svn-Managed = True
		Manager = AnkhSVN - Subversion Support for Visual Studio
	EndGlobalSection
	GlobalSection(SolutionConfigurationPlatforms) = preSolution
		Debug|Win32 = Debug|Win32
		Release|Win32 = Release|Win32
	EndGlobalSection
	GlobalSection(ProjectConfigurationPlatforms) = postSolution
		{8D24EA28-9EFD-48FB-976D-2DE3258CC294}.Debug|Win32.ActiveCfg = Debug|Win32
		{8D24EA28-9EFD-48FB-976D-2DE3258CC294}.Debug|Win32.Build.0 = Debug|Win32
		{8D24EA28-9EFD-48FB-976D-2DE3258CC294}.Release|Win32.ActiveCfg = Release|Win32
		{8D24EA28-9EFD-48FB-976D-2DE3258CC294}.Release|Win32.Build.0 = Release|Win32
		{D75C8A7C-58F4-4CE1-BE58-9D3F6469CE7A}.Debug|Win32.ActiveCfg = Debug|Win32
		{D75C8A7C-58F4-4CE1-BE58-9D3F6469CE7A}.Debug|Win32.Build.0 = Debug|Win32
		{D75C8A7C-58F4-4CE1-BE58-9D3F6469CE7A}.Release|Win32.ActiveCfg = Release|Win32
		{D75C8A7C-58F4-4CE1-BE58-9D3F6469CE7A}.Release|Win32.Build.0 = Release|Win32
	EndGlobalSection
	GlobalSection(SolutionProperties) = preSolution
		HideSolutionNode = FALSE
	EndGlobalSection
	GlobalSection(NestedProjects) = preSolution
		{8D24EA28-9EFD-48FB-976D-2DE3258CC294} = {237332D2-4DE8-4654-BDD5-AB9B94726E90}
	EndGlobalSection
EndGlobal
